// !$*UTF8*$!
{
	archiveVersion = 1;
	classes = {
	};
	objectVersion = 46;
	objects = {

/* Begin PBXBuildFile section */
		E7A5F6101A11A01200B9E4E1 /* AppDelegate.swift in Sources */ = {isa = PBXBuildFile; fileRef = E7A5F60F1A11A01200B9E4E1 /* AppDelegate.swift */; };
		E7A5F6121A11A01200B9E4E1 /* ViewController.swift in Sources */ = {isa = PBXBuildFile; fileRef = E7A5F6111A11A01200B9E4E1 /* ViewController.swift */; };
		E7A5F6151A11A01200B9E4E1 /* Main.storyboard in Resources */ = {isa = PBXBuildFile; fileRef = E7A5F6131A11A01200B9E4E1 /* Main.storyboard */; };
		E7A5F6171A11A01200B9E4E1 /* Images.xcassets in Resources */ = {isa = PBXBuildFile; fileRef = E7A5F6161A11A01200B9E4E1 /* Images.xcassets */; };
		E7A5F61A1A11A01200B9E4E1 /* LaunchScreen.xib in Resources */ = {isa = PBXBuildFile; fileRef = E7A5F6181A11A01200B9E4E1 /* LaunchScreen.xib */; };
		E7A5F6261A11A01200B9E4E1 /* Swift_DeinitTests.swift in Sources */ = {isa = PBXBuildFile; fileRef = E7A5F6251A11A01200B9E4E1 /* Swift_DeinitTests.swift */; };
/* End PBXBuildFile section */

/* Begin PBXContainerItemProxy section */
		E7A5F6201A11A01200B9E4E1 /* PBXContainerItemProxy */ = {
			isa = PBXContainerItemProxy;
			containerPortal = E7A5F6021A11A01100B9E4E1 /* Project object */;
			proxyType = 1;
			remoteGlobalIDString = E7A5F6091A11A01200B9E4E1;
			remoteInfo = "Swift-Deinit";
		};
/* End PBXContainerItemProxy section */

/* Begin PBXFileReference section */
		E7A5F60A1A11A01200B9E4E1 /* Swift-Deinit.app */ = {isa = PBXFileReference; explicitFileType = wrapper.application; includeInIndex = 0; path = "Swift-Deinit.app"; sourceTree = BUILT_PRODUCTS_DIR; };
		E7A5F60E1A11A01200B9E4E1 /* Info.plist */ = {isa = PBXFileReference; lastKnownFileType = text.plist.xml; path = Info.plist; sourceTree = "<group>"; };
		E7A5F60F1A11A01200B9E4E1 /* AppDelegate.swift */ = {isa = PBXFileReference; lastKnownFileType = sourcecode.swift; path = AppDelegate.swift; sourceTree = "<group>"; };
		E7A5F6111A11A01200B9E4E1 /* ViewController.swift */ = {isa = PBXFileReference; lastKnownFileType = sourcecode.swift; path = ViewController.swift; sourceTree = "<group>"; };
		E7A5F6141A11A01200B9E4E1 /* Base */ = {isa = PBXFileReference; lastKnownFileType = file.storyboard; name = Base; path = Base.lproj/Main.storyboard; sourceTree = "<group>"; };
		E7A5F6161A11A01200B9E4E1 /* Images.xcassets */ = {isa = PBXFileReference; lastKnownFileType = folder.assetcatalog; path = Images.xcassets; sourceTree = "<group>"; };
		E7A5F6191A11A01200B9E4E1 /* Base */ = {isa = PBXFileReference; lastKnownFileType = file.xib; name = Base; path = Base.lproj/LaunchScreen.xib; sourceTree = "<group>"; };
		E7A5F61F1A11A01200B9E4E1 /* Swift-DeinitTests.xctest */ = {isa = PBXFileReference; explicitFileType = wrapper.cfbundle; includeInIndex = 0; path = "Swift-DeinitTests.xctest"; sourceTree = BUILT_PRODUCTS_DIR; };
		E7A5F6241A11A01200B9E4E1 /* Info.plist */ = {isa = PBXFileReference; lastKnownFileType = text.plist.xml; path = Info.plist; sourceTree = "<group>"; };
		E7A5F6251A11A01200B9E4E1 /* Swift_DeinitTests.swift */ = {isa = PBXFileReference; lastKnownFileType = sourcecode.swift; path = Swift_DeinitTests.swift; sourceTree = "<group>"; };
/* End PBXFileReference section */

/* Begin PBXFrameworksBuildPhase section */
		E7A5F6071A11A01200B9E4E1 /* Frameworks */ = {
			isa = PBXFrameworksBuildPhase;
			buildActionMask = 2147483647;
			files = (
			);
			runOnlyForDeploymentPostprocessing = 0;
		};
		E7A5F61C1A11A01200B9E4E1 /* Frameworks */ = {
			isa = PBXFrameworksBuildPhase;
			buildActionMask = 2147483647;
			files = (
			);
			runOnlyForDeploymentPostprocessing = 0;
		};
/* End PBXFrameworksBuildPhase section */

/* Begin PBXGroup section */
		E7A5F6011A11A01100B9E4E1 = {
			isa = PBXGroup;
			children = (
				E7A5F60C1A11A01200B9E4E1 /* Swift-Deinit */,
				E7A5F6221A11A01200B9E4E1 /* Swift-DeinitTests */,
				E7A5F60B1A11A01200B9E4E1 /* Products */,
			);
			sourceTree = "<group>";
		};
		E7A5F60B1A11A01200B9E4E1 /* Products */ = {
			isa = PBXGroup;
			children = (
				E7A5F60A1A11A01200B9E4E1 /* Swift-Deinit.app */,
				E7A5F61F1A11A01200B9E4E1 /* Swift-DeinitTests.xctest */,
			);
			name = Products;
			sourceTree = "<group>";
		};
		E7A5F60C1A11A01200B9E4E1 /* Swift-Deinit */ = {
			isa = PBXGroup;
			children = (
				E7A5F60F1A11A01200B9E4E1 /* AppDelegate.swift */,
				E7A5F6111A11A01200B9E4E1 /* ViewController.swift */,
				E7A5F6131A11A01200B9E4E1 /* Main.storyboard */,
				E7A5F6161A11A01200B9E4E1 /* Images.xcassets */,
				E7A5F6181A11A01200B9E4E1 /* LaunchScreen.xib */,
				E7A5F60D1A11A01200B9E4E1 /* Supporting Files */,
			);
			path = "Swift-Deinit";
			sourceTree = "<group>";
		};
		E7A5F60D1A11A01200B9E4E1 /* Supporting Files */ = {
			isa = PBXGroup;
			children = (
				E7A5F60E1A11A01200B9E4E1 /* Info.plist */,
			);
			name = "Supporting Files";
			sourceTree = "<group>";
		};
		E7A5F6221A11A01200B9E4E1 /* Swift-DeinitTests */ = {
			isa = PBXGroup;
			children = (
				E7A5F6251A11A01200B9E4E1 /* Swift_DeinitTests.swift */,
				E7A5F6231A11A01200B9E4E1 /* Supporting Files */,
			);
			path = "Swift-DeinitTests";
			sourceTree = "<group>";
		};
		E7A5F6231A11A01200B9E4E1 /* Supporting Files */ = {
			isa = PBXGroup;
			children = (
				E7A5F6241A11A01200B9E4E1 /* Info.plist */,
			);
			name = "Supporting Files";
			sourceTree = "<group>";
		};
/* End PBXGroup section */

/* Begin PBXNativeTarget section */
		E7A5F6091A11A01200B9E4E1 /* Swift-Deinit */ = {
			isa = PBXNativeTarget;
			buildConfigurationList = E7A5F6291A11A01200B9E4E1 /* Build configuration list for PBXNativeTarget "Swift-Deinit" */;
			buildPhases = (
				E7A5F6061A11A01200B9E4E1 /* Sources */,
				E7A5F6071A11A01200B9E4E1 /* Frameworks */,
				E7A5F6081A11A01200B9E4E1 /* Resources */,
			);
			buildRules = (
			);
			dependencies = (
			);
			name = "Swift-Deinit";
			productName = "Swift-Deinit";
			productReference = E7A5F60A1A11A01200B9E4E1 /* Swift-Deinit.app */;
			productType = "com.apple.product-type.application";
		};
		E7A5F61E1A11A01200B9E4E1 /* Swift-DeinitTests */ = {
			isa = PBXNativeTarget;
			buildConfigurationList = E7A5F62C1A11A01200B9E4E1 /* Build configuration list for PBXNativeTarget "Swift-DeinitTests" */;
			buildPhases = (
				E7A5F61B1A11A01200B9E4E1 /* Sources */,
				E7A5F61C1A11A01200B9E4E1 /* Frameworks */,
				E7A5F61D1A11A01200B9E4E1 /* Resources */,
			);
			buildRules = (
			);
			dependencies = (
				E7A5F6211A11A01200B9E4E1 /* PBXTargetDependency */,
			);
			name = "Swift-DeinitTests";
			productName = "Swift-DeinitTests";
			productReference = E7A5F61F1A11A01200B9E4E1 /* Swift-DeinitTests.xctest */;
			productType = "com.apple.product-type.bundle.unit-test";
		};
/* End PBXNativeTarget section */

/* Begin PBXProject section */
		E7A5F6021A11A01100B9E4E1 /* Project object */ = {
			isa = PBXProject;
			attributes = {
				LastUpgradeCheck = 0610;
				ORGANIZATIONNAME = "王钱钧";
				TargetAttributes = {
					E7A5F6091A11A01200B9E4E1 = {
						CreatedOnToolsVersion = 6.1;
					};
					E7A5F61E1A11A01200B9E4E1 = {
						CreatedOnToolsVersion = 6.1;
						TestTargetID = E7A5F6091A11A01200B9E4E1;
					};
				};
			};
			buildConfigurationList = E7A5F6051A11A01100B9E4E1 /* Build configuration list for PBXProject "Swift-Deinit" */;
			compatibilityVersion = "Xcode 3.2";
			developmentRegion = English;
			hasScannedForEncodings = 0;
			knownRegions = (
				en,
				Base,
			);
			mainGroup = E7A5F6011A11A01100B9E4E1;
			productRefGroup = E7A5F60B1A11A01200B9E4E1 /* Products */;
			projectDirPath = "";
			projectRoot = "";
			targets = (
				E7A5F6091A11A01200B9E4E1 /* Swift-Deinit */,
				E7A5F61E1A11A01200B9E4E1 /* Swift-DeinitTests */,
			);
		};
/* End PBXProject section */

/* Begin PBXResourcesBuildPhase section */
		E7A5F6081A11A01200B9E4E1 /* Resources */ = {
			isa = PBXResourcesBuildPhase;
			buildActionMask = 2147483647;
			files = (
				E7A5F6151A11A01200B9E4E1 /* Main.storyboard in Resources */,
				E7A5F61A1A11A01200B9E4E1 /* LaunchScreen.xib in Resources */,
				E7A5F6171A11A01200B9E4E1 /* Images.xcassets in Resources */,
			);
			runOnlyForDeploymentPostprocessing = 0;
		};
		E7A5F61D1A11A01200B9E4E1 /* Resources */ = {
			isa = PBXResourcesBuildPhase;
			buildActionMask = 2147483647;
			files = (
			);
			runOnlyForDeploymentPostprocessing = 0;
		};
/* End PBXResourcesBuildPhase section */

/* Begin PBXSourcesBuildPhase section */
		E7A5F6061A11A01200B9E4E1 /* Sources */ = {
			isa = PBXSourcesBuildPhase;
			buildActionMask = 2147483647;
			files = (
				E7A5F6121A11A01200B9E4E1 /* ViewController.swift in Sources */,
				E7A5F6101A11A01200B9E4E1 /* AppDelegate.swift in Sources */,
			);
			runOnlyForDeploymentPostprocessing = 0;
		};
		E7A5F61B1A11A01200B9E4E1 /* Sources */ = {
			isa = PBXSourcesBuildPhase;
			buildActionMask = 2147483647;
			files = (
				E7A5F6261A11A01200B9E4E1 /* Swift_DeinitTests.swift in Sources */,
			);
			runOnlyForDeploymentPostprocessing = 0;
		};
/* End PBXSourcesBuildPhase section */

/* Begin PBXTargetDependency section */
		E7A5F6211A11A01200B9E4E1 /* PBXTargetDependency */ = {
			isa = PBXTargetDependency;
			target = E7A5F6091A11A01200B9E4E1 /* Swift-Deinit */;
			targetProxy = E7A5F6201A11A01200B9E4E1 /* PBXContainerItemProxy */;
		};
/* End PBXTargetDependency section */

/* Begin PBXVariantGroup section */
		E7A5F6131A11A01200B9E4E1 /* Main.storyboard */ = {
			isa = PBXVariantGroup;
			children = (
				E7A5F6141A11A01200B9E4E1 /* Base */,
			);
			name = Main.storyboard;
			sourceTree = "<group>";
		};
		E7A5F6181A11A01200B9E4E1 /* LaunchScreen.xib */ = {
			isa = PBXVariantGroup;
			children = (
				E7A5F6191A11A01200B9E4E1 /* Base */,
			);
			name = LaunchScreen.xib;
			sourceTree = "<group>";
		};
/* End PBXVariantGroup section */

/* Begin XCBuildConfiguration section */
		E7A5F6271A11A01200B9E4E1 /* Debug */ = {
			isa = XCBuildConfiguration;
			buildSettings = {
				ALWAYS_SEARCH_USER_PATHS = NO;
				CLANG_CXX_LANGUAGE_STANDARD = "gnu++0x";
				CLANG_CXX_LIBRARY = "libc++";
				CLANG_ENABLE_MODULES = YES;
				CLANG_ENABLE_OBJC_ARC = YES;
				CLANG_WARN_BOOL_CONVERSION = YES;
				CLANG_WARN_CONSTANT_CONVERSION = YES;
				CLANG_WARN_DIRECT_OBJC_ISA_USAGE = YES_ERROR;
				CLANG_WARN_EMPTY_BODY = YES;
				CLANG_WARN_ENUM_CONVERSION = YES;
				CLANG_WARN_INT_CONVERSION = YES;
				CLANG_WARN_OBJC_ROOT_CLASS = YES_ERROR;
				CLANG_WARN_UNREACHABLE_CODE = YES;
				CLANG_WARN__DUPLICATE_METHOD_MATCH = YES;
				"CODE_SIGN_IDENTITY[sdk=iphoneos*]" = "iPhone Developer";
				COPY_PHASE_STRIP = NO;
				ENABLE_STRICT_OBJC_MSGSEND = YES;
				GCC_C_LANGUAGE_STANDARD = gnu99;
				GCC_DYNAMIC_NO_PIC = NO;
				GCC_OPTIMIZATION_LEVEL = 0;
				GCC_PREPROCESSOR_DEFINITIONS = (
					"DEBUG=1",
					"$(inherited)",
				);
				GCC_SYMBOLS_PRIVATE_EXTERN = NO;
				GCC_WARN_64_TO_32_BIT_CONVERSION = YES;
				GCC_WARN_ABOUT_RETURN_TYPE = YES_ERROR;
				GCC_WARN_UNDECLARED_SELECTOR = YES;
				GCC_WARN_UNINITIALIZED_AUTOS = YES_AGGRESSIVE;
				GCC_WARN_UNUSED_FUNCTION = YES;
				GCC_WARN_UNUSED_VARIABLE = YES;
				IPHONEOS_DEPLOYMENT_TARGET = 8.1;
				MTL_ENABLE_DEBUG_INFO = YES;
				ONLY_ACTIVE_ARCH = YES;
				SDKROOT = iphoneos;
				SWIFT_OPTIMIZATION_LEVEL = "-Onone";
			};
			name = Debug;
		};
		E7A5F6281A11A01200B9E4E1 /* Release */ = {
			isa = XCBuildConfiguration;
			buildSettings = {
				ALWAYS_SEARCH_USER_PATHS = NO;
				CLANG_CXX_LANGUAGE_STANDARD = "gnu++0x";
				CLANG_CXX_LIBRARY = "libc++";
				CLANG_ENABLE_MODULES = YES;
				CLANG_ENABLE_OBJC_ARC = YES;
				CLANG_WARN_BOOL_CONVERSION = YES;
				CLANG_WARN_CONSTANT_CONVERSION = YES;
				CLANG_WARN_DIRECT_OBJC_ISA_USAGE = YES_ERROR;
				CLANG_WARN_EMPTY_BODY = YES;
				CLANG_WARN_ENUM_CONVERSION = YES;
				CLANG_WARN_INT_CONVERSION = YES;
				CLANG_WARN_OBJC_ROOT_CLASS = YES_ERROR;
				CLANG_WARN_UNREACHABLE_CODE = YES;
				CLANG_WARN__DUPLICATE_METHOD_MATCH = YES;
				"CODE_SIGN_IDENTITY[sdk=iphoneos*]" = "iPhone Developer";
				COPY_PHASE_STRIP = YES;
				ENABLE_NS_ASSERTIONS = NO;
				ENABLE_STRICT_OBJC_MSGSEND = YES;
				GCC_C_LANGUAGE_STANDARD = gnu99;
				GCC_WARN_64_TO_32_BIT_CONVERSION = YES;
				GCC_WARN_ABOUT_RETURN_TYPE = YES_ERROR;
				GCC_WARN_UNDECLARED_SELECTOR = YES;
				GCC_WARN_UNINITIALIZED_AUTOS = YES_AGGRESSIVE;
				GCC_WARN_UNUSED_FUNCTION = YES;
				GCC_WARN_UNUSED_VARIABLE = YES;
				IPHONEOS_DEPLOYMENT_TARGET = 8.1;
				MTL_ENABLE_DEBUG_INFO = NO;
				SDKROOT = iphoneos;
				VALIDATE_PRODUCT = YES;
			};
			name = Release;
		};
		E7A5F62A1A11A01200B9E4E1 /* Debug */ = {
			isa = XCBuildConfiguration;
			buildSettings = {
				ASSETCATALOG_COMPILER_APPICON_NAME = AppIcon;
				INFOPLIST_FILE = "Swift-Deinit/Info.plist";
				LD_RUNPATH_SEARCH_PATHS = "$(inherited) @executable_path/Frameworks";
				PRODUCT_NAME = "$(TARGET_NAME)";
			};
			name = Debug;
		};
		E7A5F62B1A11A01200B9E4E1 /* Release */ = {
			isa = XCBuildConfiguration;
			buildSettings = {
				ASSETCATALOG_COMPILER_APPICON_NAME = AppIcon;
				INFOPLIST_FILE = "Swift-Deinit/Info.plist";
				LD_RUNPATH_SEARCH_PATHS = "$(inherited) @executable_path/Frameworks";
				PRODUCT_NAME = "$(TARGET_NAME)";
			};
			name = Release;
		};
		E7A5F62D1A11A01200B9E4E1 /* Debug */ = {
			isa = XCBuildConfiguration;
			buildSettings = {
				BUNDLE_LOADER = "$(TEST_HOST)";
				FRAMEWORK_SEARCH_PATHS = (
					"$(SDKROOT)/Developer/Library/Frameworks",
					"$(inherited)",
				);
				GCC_PREPROCESSOR_DEFINITIONS = (
					"DEBUG=1",
					"$(inherited)",
				);
				INFOPLIST_FILE = "Swift-DeinitTests/Info.plist";
				LD_RUNPATH_SEARCH_PATHS = "$(inherited) @executable_path/Frameworks @loader_path/Frameworks";
				PRODUCT_NAME = "$(TARGET_NAME)";
				TEST_HOST = "$(BUILT_PRODUCTS_DIR)/Swift-Deinit.app/Swift-Deinit";
			};
			name = Debug;
		};
		E7A5F62E1A11A01200B9E4E1 /* Release */ = {
			isa = XCBuildConfiguration;
			buildSettings = {
				BUNDLE_LOADER = "$(TEST_HOST)";
				FRAMEWORK_SEARCH_PATHS = (
					"$(SDKROOT)/Developer/Library/Frameworks",
					"$(inherited)",
				);
				INFOPLIST_FILE = "Swift-DeinitTests/Info.plist";
				LD_RUNPATH_SEARCH_PATHS = "$(inherited) @executable_path/Frameworks @loader_path/Frameworks";
				PRODUCT_NAME = "$(TARGET_NAME)";
				TEST_HOST = "$(BUILT_PRODUCTS_DIR)/Swift-Deinit.app/Swift-Deinit";
			};
			name = Release;
		};
/* End XCBuildConfiguration section */

/* Begin XCConfigurationList section */
		E7A5F6051A11A01100B9E4E1 /* Build configuration list for PBXProject "Swift-Deinit" */ = {
			isa = XCConfigurationList;
			buildConfigurations = (
				E7A5F6271A11A01200B9E4E1 /* Debug */,
				E7A5F6281A11A01200B9E4E1 /* Release */,
			);
			defaultConfigurationIsVisible = 0;
			defaultConfigurationName = Release;
		};
		E7A5F6291A11A01200B9E4E1 /* Build configuration list for PBXNativeTarget "Swift-Deinit" */ = {
			isa = XCConfigurationList;
			buildConfigurations = (
				E7A5F62A1A11A01200B9E4E1 /* Debug */,
				E7A5F62B1A11A01200B9E4E1 /* Release */,
			);
			defaultConfigurationIsVisible = 0;
		};
		E7A5F62C1A11A01200B9E4E1 /* Build configuration list for PBXNativeTarget "Swift-DeinitTests" */ = {
			isa = XCConfigurationList;
			buildConfigurations = (
				E7A5F62D1A11A01200B9E4E1 /* Debug */,
				E7A5F62E1A11A01200B9E4E1 /* Release */,
			);
			defaultConfigurationIsVisible = 0;
		};
/* End XCConfigurationList section */
	};
	rootObject = E7A5F6021A11A01100B9E4E1 /* Project object */;
}
